
Microsoft Visual Studio Solution File, Format Version 12.00
# Visual Studio Version 17
VisualStudioVersion = 17.0.31903.59
MinimumVisualStudioVersion = 10.0.40219.1
Project("{2150E333-8FDC-42A3-9474-1A3956D46DE8}") = "Bootstrapper", "Bootstrapper", "{5310A871-B8F0-0791-A052-C8A19D59FF82}"
EndProject
Project("{FAE04EC0-301F-11D3-BF4B-00C04F79EFBC}") = "Api", "Bootstrapper\Api\Api.csproj", "{F787B016-31ED-4E2D-87E6-FC0B1915A2AC}"
EndProject
Project("{2150E333-8FDC-42A3-9474-1A3956D46DE8}") = "Modules", "Modules", "{CA253913-39DE-BFD0-C9A3-4B7EC6FBDF17}"
EndProject
Project("{2150E333-8FDC-42A3-9474-1A3956D46DE8}") = "Catalog", "Catalog", "{729B03C7-1C3E-5EDD-EDB4-38F58E22BDF1}"
EndProject
Project("{FAE04EC0-301F-11D3-BF4B-00C04F79EFBC}") = "Catalog", "Modules\Catalog\Catalog\Catalog.csproj", "{A72C8C04-FDB4-442C-A897-99C5A382FCE1}"
EndProject
Project("{FAE04EC0-301F-11D3-BF4B-00C04F79EFBC}") = "Orders", "Modules\Orders\Orders\Orders.csproj", "{F1F995B2-84A4-45BE-B108-37C24C2B0793}"
EndProject
Project("{FAE04EC0-301F-11D3-BF4B-00C04F79EFBC}") = "Accounting", "Modules\Accounting\Accounting\Accounting.csproj", "{1FB4F46F-45BA-4A7C-B4BC-45D5EA495A43}"
EndProject
Project("{FAE04EC0-301F-11D3-BF4B-00C04F79EFBC}") = "Shipping", "Modules\Shipping\Shipping\Shipping.csproj", "{543AC39A-DD05-4AEF-8CB9-82FCCEBFA443}"
EndProject
Project("{FAE04EC0-301F-11D3-BF4B-00C04F79EFBC}") = "Notifications", "Modules\Notifications\Notifications\Notifications.csproj", "{5BB9D142-6EBF-484C-824D-CB06FADF2720}"
EndProject
Project("{FAE04EC0-301F-11D3-BF4B-00C04F79EFBC}") = "Shared", "Shared\Shared\Shared.csproj", "{0B961207-1292-4CFC-B961-980043290234}"
EndProject
Project("{2150E333-8FDC-42A3-9474-1A3956D46DE8}") = "Customers", "Customers", "{3333CD61-D66C-0171-0725-9839E1F728CE}"
EndProject
Project("{FAE04EC0-301F-11D3-BF4B-00C04F79EFBC}") = "Customers", "Modules\Customers\Customers\Customers.csproj", "{362EE267-EC08-49BD-8704-E50AE837E0E0}"
EndProject
Project("{FAE04EC0-301F-11D3-BF4B-00C04F79EFBC}") = "Users", "Modules\Users\Users\Users.csproj", "{7A6DDD51-66BC-447C-9AAE-7D51FCC3CAEA}"
EndProject
Project("{2150E333-8FDC-42A3-9474-1A3956D46DE8}") = "Shared", "Shared", "{4F52FD11-658E-A102-6CD3-7D7C16FFA15B}"
EndProject
Project("{FAE04EC0-301F-11D3-BF4B-00C04F79EFBC}") = "Shared.Messages", "Shared\Shared.Messages\Shared.Messages.csproj", "{F91F7AD7-2C0F-4E46-BC10-6E66AC46A1DF}"
EndProject
Global
	GlobalSection(SolutionConfigurationPlatforms) = preSolution
		Debug|Any CPU = Debug|Any CPU
		Debug|x64 = Debug|x64
		Debug|x86 = Debug|x86
		Release|Any CPU = Release|Any CPU
		Release|x64 = Release|x64
		Release|x86 = Release|x86
	EndGlobalSection
	GlobalSection(ProjectConfigurationPlatforms) = postSolution
		{F787B016-31ED-4E2D-87E6-FC0B1915A2AC}.Debug|Any CPU.ActiveCfg = Debug|Any CPU
		{F787B016-31ED-4E2D-87E6-FC0B1915A2AC}.Debug|Any CPU.Build.0 = Debug|Any CPU
		{F787B016-31ED-4E2D-87E6-FC0B1915A2AC}.Debug|x64.ActiveCfg = Debug|Any CPU
		{F787B016-31ED-4E2D-87E6-FC0B1915A2AC}.Debug|x64.Build.0 = Debug|Any CPU
		{F787B016-31ED-4E2D-87E6-FC0B1915A2AC}.Debug|x86.ActiveCfg = Debug|Any CPU
		{F787B016-31ED-4E2D-87E6-FC0B1915A2AC}.Debug|x86.Build.0 = Debug|Any CPU
		{F787B016-31ED-4E2D-87E6-FC0B1915A2AC}.Release|Any CPU.ActiveCfg = Release|Any CPU
		{F787B016-31ED-4E2D-87E6-FC0B1915A2AC}.Release|Any CPU.Build.0 = Release|Any CPU
		{F787B016-31ED-4E2D-87E6-FC0B1915A2AC}.Release|x64.ActiveCfg = Release|Any CPU
		{F787B016-31ED-4E2D-87E6-FC0B1915A2AC}.Release|x64.Build.0 = Release|Any CPU
		{F787B016-31ED-4E2D-87E6-FC0B1915A2AC}.Release|x86.ActiveCfg = Release|Any CPU
		{F787B016-31ED-4E2D-87E6-FC0B1915A2AC}.Release|x86.Build.0 = Release|Any CPU
		{A72C8C04-FDB4-442C-A897-99C5A382FCE1}.Debug|Any CPU.ActiveCfg = Debug|Any CPU
		{A72C8C04-FDB4-442C-A897-99C5A382FCE1}.Debug|Any CPU.Build.0 = Debug|Any CPU
		{A72C8C04-FDB4-442C-A897-99C5A382FCE1}.Debug|x64.ActiveCfg = Debug|Any CPU
		{A72C8C04-FDB4-442C-A897-99C5A382FCE1}.Debug|x64.Build.0 = Debug|Any CPU
		{A72C8C04-FDB4-442C-A897-99C5A382FCE1}.Debug|x86.ActiveCfg = Debug|Any CPU
		{A72C8C04-FDB4-442C-A897-99C5A382FCE1}.Debug|x86.Build.0 = Debug|Any CPU
		{A72C8C04-FDB4-442C-A897-99C5A382FCE1}.Release|Any CPU.ActiveCfg = Release|Any CPU
		{A72C8C04-FDB4-442C-A897-99C5A382FCE1}.Release|Any CPU.Build.0 = Release|Any CPU
		{A72C8C04-FDB4-442C-A897-99C5A382FCE1}.Release|x64.ActiveCfg = Release|Any CPU
		{A72C8C04-FDB4-442C-A897-99C5A382FCE1}.Release|x64.Build.0 = Release|Any CPU
		{A72C8C04-FDB4-442C-A897-99C5A382FCE1}.Release|x86.ActiveCfg = Release|Any CPU
		{A72C8C04-FDB4-442C-A897-99C5A382FCE1}.Release|x86.Build.0 = Release|Any CPU
		{F1F995B2-84A4-45BE-B108-37C24C2B0793}.Debug|Any CPU.ActiveCfg = Debug|Any CPU
		{F1F995B2-84A4-45BE-B108-37C24C2B0793}.Debug|Any CPU.Build.0 = Debug|Any CPU
		{F1F995B2-84A4-45BE-B108-37C24C2B0793}.Debug|x64.ActiveCfg = Debug|Any CPU
		{F1F995B2-84A4-45BE-B108-37C24C2B0793}.Debug|x64.Build.0 = Debug|Any CPU
		{F1F995B2-84A4-45BE-B108-37C24C2B0793}.Debug|x86.ActiveCfg = Debug|Any CPU
		{F1F995B2-84A4-45BE-B108-37C24C2B0793}.Debug|x86.Build.0 = Debug|Any CPU
		{F1F995B2-84A4-45BE-B108-37C24C2B0793}.Release|Any CPU.ActiveCfg = Release|Any CPU
		{F1F995B2-84A4-45BE-B108-37C24C2B0793}.Release|Any CPU.Build.0 = Release|Any CPU
		{F1F995B2-84A4-45BE-B108-37C24C2B0793}.Release|x64.ActiveCfg = Release|Any CPU
		{F1F995B2-84A4-45BE-B108-37C24C2B0793}.Release|x64.Build.0 = Release|Any CPU
		{F1F995B2-84A4-45BE-B108-37C24C2B0793}.Release|x86.ActiveCfg = Release|Any CPU
		{F1F995B2-84A4-45BE-B108-37C24C2B0793}.Release|x86.Build.0 = Release|Any CPU
		{1FB4F46F-45BA-4A7C-B4BC-45D5EA495A43}.Debug|Any CPU.ActiveCfg = Debug|Any CPU
		{1FB4F46F-45BA-4A7C-B4BC-45D5EA495A43}.Debug|Any CPU.Build.0 = Debug|Any CPU
		{1FB4F46F-45BA-4A7C-B4BC-45D5EA495A43}.Debug|x64.ActiveCfg = Debug|Any CPU
		{1FB4F46F-45BA-4A7C-B4BC-45D5EA495A43}.Debug|x64.Build.0 = Debug|Any CPU
		{1FB4F46F-45BA-4A7C-B4BC-45D5EA495A43}.Debug|x86.ActiveCfg = Debug|Any CPU
		{1FB4F46F-45BA-4A7C-B4BC-45D5EA495A43}.Debug|x86.Build.0 = Debug|Any CPU
		{1FB4F46F-45BA-4A7C-B4BC-45D5EA495A43}.Release|Any CPU.ActiveCfg = Release|Any CPU
		{1FB4F46F-45BA-4A7C-B4BC-45D5EA495A43}.Release|Any CPU.Build.0 = Release|Any CPU
		{1FB4F46F-45BA-4A7C-B4BC-45D5EA495A43}.Release|x64.ActiveCfg = Release|Any CPU
		{1FB4F46F-45BA-4A7C-B4BC-45D5EA495A43}.Release|x64.Build.0 = Release|Any CPU
		{1FB4F46F-45BA-4A7C-B4BC-45D5EA495A43}.Release|x86.ActiveCfg = Release|Any CPU
		{1FB4F46F-45BA-4A7C-B4BC-45D5EA495A43}.Release|x86.Build.0 = Release|Any CPU
		{543AC39A-DD05-4AEF-8CB9-82FCCEBFA443}.Debug|Any CPU.ActiveCfg = Debug|Any CPU
		{543AC39A-DD05-4AEF-8CB9-82FCCEBFA443}.Debug|Any CPU.Build.0 = Debug|Any CPU
		{543AC39A-DD05-4AEF-8CB9-82FCCEBFA443}.Debug|x64.ActiveCfg = Debug|Any CPU
		{543AC39A-DD05-4AEF-8CB9-82FCCEBFA443}.Debug|x64.Build.0 = Debug|Any CPU
		{543AC39A-DD05-4AEF-8CB9-82FCCEBFA443}.Debug|x86.ActiveCfg = Debug|Any CPU
		{543AC39A-DD05-4AEF-8CB9-82FCCEBFA443}.Debug|x86.Build.0 = Debug|Any CPU
		{543AC39A-DD05-4AEF-8CB9-82FCCEBFA443}.Release|Any CPU.ActiveCfg = Release|Any CPU
		{543AC39A-DD05-4AEF-8CB9-82FCCEBFA443}.Release|Any CPU.Build.0 = Release|Any CPU
		{543AC39A-DD05-4AEF-8CB9-82FCCEBFA443}.Release|x64.ActiveCfg = Release|Any CPU
		{543AC39A-DD05-4AEF-8CB9-82FCCEBFA443}.Release|x64.Build.0 = Release|Any CPU
		{543AC39A-DD05-4AEF-8CB9-82FCCEBFA443}.Release|x86.ActiveCfg = Release|Any CPU
		{543AC39A-DD05-4AEF-8CB9-82FCCEBFA443}.Release|x86.Build.0 = Release|Any CPU
		{5BB9D142-6EBF-484C-824D-CB06FADF2720}.Debug|Any CPU.ActiveCfg = Debug|Any CPU
		{5BB9D142-6EBF-484C-824D-CB06FADF2720}.Debug|Any CPU.Build.0 = Debug|Any CPU
		{5BB9D142-6EBF-484C-824D-CB06FADF2720}.Debug|x64.ActiveCfg = Debug|Any CPU
		{5BB9D142-6EBF-484C-824D-CB06FADF2720}.Debug|x64.Build.0 = Debug|Any CPU
		{5BB9D142-6EBF-484C-824D-CB06FADF2720}.Debug|x86.ActiveCfg = Debug|Any CPU
		{5BB9D142-6EBF-484C-824D-CB06FADF2720}.Debug|x86.Build.0 = Debug|Any CPU
		{5BB9D142-6EBF-484C-824D-CB06FADF2720}.Release|Any CPU.ActiveCfg = Release|Any CPU
		{5BB9D142-6EBF-484C-824D-CB06FADF2720}.Release|Any CPU.Build.0 = Release|Any CPU
		{5BB9D142-6EBF-484C-824D-CB06FADF2720}.Release|x64.ActiveCfg = Release|Any CPU
		{5BB9D142-6EBF-484C-824D-CB06FADF2720}.Release|x64.Build.0 = Release|Any CPU
		{5BB9D142-6EBF-484C-824D-CB06FADF2720}.Release|x86.ActiveCfg = Release|Any CPU
		{5BB9D142-6EBF-484C-824D-CB06FADF2720}.Release|x86.Build.0 = Release|Any CPU
		{0B961207-1292-4CFC-B961-980043290234}.Debug|Any CPU.ActiveCfg = Debug|Any CPU
		{0B961207-1292-4CFC-B961-980043290234}.Debug|Any CPU.Build.0 = Debug|Any CPU
		{0B961207-1292-4CFC-B961-980043290234}.Debug|x64.ActiveCfg = Debug|Any CPU
		{0B961207-1292-4CFC-B961-980043290234}.Debug|x64.Build.0 = Debug|Any CPU
		{0B961207-1292-4CFC-B961-980043290234}.Debug|x86.ActiveCfg = Debug|Any CPU
		{0B961207-1292-4CFC-B961-980043290234}.Debug|x86.Build.0 = Debug|Any CPU
		{0B961207-1292-4CFC-B961-980043290234}.Release|Any CPU.ActiveCfg = Release|Any CPU
		{0B961207-1292-4CFC-B961-980043290234}.Release|Any CPU.Build.0 = Release|Any CPU
		{0B961207-1292-4CFC-B961-980043290234}.Release|x64.ActiveCfg = Release|Any CPU
		{0B961207-1292-4CFC-B961-980043290234}.Release|x64.Build.0 = Release|Any CPU
		{0B961207-1292-4CFC-B961-980043290234}.Release|x86.ActiveCfg = Release|Any CPU
		{0B961207-1292-4CFC-B961-980043290234}.Release|x86.Build.0 = Release|Any CPU
		{362EE267-EC08-49BD-8704-E50AE837E0E0}.Debug|Any CPU.ActiveCfg = Debug|Any CPU
		{362EE267-EC08-49BD-8704-E50AE837E0E0}.Debug|Any CPU.Build.0 = Debug|Any CPU
		{362EE267-EC08-49BD-8704-E50AE837E0E0}.Debug|x64.ActiveCfg = Debug|Any CPU
		{362EE267-EC08-49BD-8704-E50AE837E0E0}.Debug|x64.Build.0 = Debug|Any CPU
		{362EE267-EC08-49BD-8704-E50AE837E0E0}.Debug|x86.ActiveCfg = Debug|Any CPU
		{362EE267-EC08-49BD-8704-E50AE837E0E0}.Debug|x86.Build.0 = Debug|Any CPU
		{362EE267-EC08-49BD-8704-E50AE837E0E0}.Release|Any CPU.ActiveCfg = Release|Any CPU
		{362EE267-EC08-49BD-8704-E50AE837E0E0}.Release|Any CPU.Build.0 = Release|Any CPU
		{362EE267-EC08-49BD-8704-E50AE837E0E0}.Release|x64.ActiveCfg = Release|Any CPU
		{362EE267-EC08-49BD-8704-E50AE837E0E0}.Release|x64.Build.0 = Release|Any CPU
		{362EE267-EC08-49BD-8704-E50AE837E0E0}.Release|x86.ActiveCfg = Release|Any CPU
		{362EE267-EC08-49BD-8704-E50AE837E0E0}.Release|x86.Build.0 = Release|Any CPU
		{7A6DDD51-66BC-447C-9AAE-7D51FCC3CAEA}.Debug|Any CPU.ActiveCfg = Debug|Any CPU
		{7A6DDD51-66BC-447C-9AAE-7D51FCC3CAEA}.Debug|Any CPU.Build.0 = Debug|Any CPU
		{7A6DDD51-66BC-447C-9AAE-7D51FCC3CAEA}.Debug|x64.ActiveCfg = Debug|Any CPU
		{7A6DDD51-66BC-447C-9AAE-7D51FCC3CAEA}.Debug|x64.Build.0 = Debug|Any CPU
		{7A6DDD51-66BC-447C-9AAE-7D51FCC3CAEA}.Debug|x86.ActiveCfg = Debug|Any CPU
		{7A6DDD51-66BC-447C-9AAE-7D51FCC3CAEA}.Debug|x86.Build.0 = Debug|Any CPU
		{7A6DDD51-66BC-447C-9AAE-7D51FCC3CAEA}.Release|Any CPU.ActiveCfg = Release|Any CPU
		{7A6DDD51-66BC-447C-9AAE-7D51FCC3CAEA}.Release|Any CPU.Build.0 = Release|Any CPU
		{7A6DDD51-66BC-447C-9AAE-7D51FCC3CAEA}.Release|x64.ActiveCfg = Release|Any CPU
		{7A6DDD51-66BC-447C-9AAE-7D51FCC3CAEA}.Release|x64.Build.0 = Release|Any CPU
		{7A6DDD51-66BC-447C-9AAE-7D51FCC3CAEA}.Release|x86.ActiveCfg = Release|Any CPU
		{7A6DDD51-66BC-447C-9AAE-7D51FCC3CAEA}.Release|x86.Build.0 = Release|Any CPU
		{F91F7AD7-2C0F-4E46-BC10-6E66AC46A1DF}.Debug|Any CPU.ActiveCfg = Debug|Any CPU
		{F91F7AD7-2C0F-4E46-BC10-6E66AC46A1DF}.Debug|Any CPU.Build.0 = Debug|Any CPU
		{F91F7AD7-2C0F-4E46-BC10-6E66AC46A1DF}.Debug|x64.ActiveCfg = Debug|Any CPU
		{F91F7AD7-2C0F-4E46-BC10-6E66AC46A1DF}.Debug|x64.Build.0 = Debug|Any CPU
		{F91F7AD7-2C0F-4E46-BC10-6E66AC46A1DF}.Debug|x86.ActiveCfg = Debug|Any CPU
		{F91F7AD7-2C0F-4E46-BC10-6E66AC46A1DF}.Debug|x86.Build.0 = Debug|Any CPU
		{F91F7AD7-2C0F-4E46-BC10-6E66AC46A1DF}.Release|Any CPU.ActiveCfg = Release|Any CPU
		{F91F7AD7-2C0F-4E46-BC10-6E66AC46A1DF}.Release|Any CPU.Build.0 = Release|Any CPU
		{F91F7AD7-2C0F-4E46-BC10-6E66AC46A1DF}.Release|x64.ActiveCfg = Release|Any CPU
		{F91F7AD7-2C0F-4E46-BC10-6E66AC46A1DF}.Release|x64.Build.0 = Release|Any CPU
		{F91F7AD7-2C0F-4E46-BC10-6E66AC46A1DF}.Release|x86.ActiveCfg = Release|Any CPU
		{F91F7AD7-2C0F-4E46-BC10-6E66AC46A1DF}.Release|x86.Build.0 = Release|Any CPU
	EndGlobalSection
	GlobalSection(SolutionProperties) = preSolution
		HideSolutionNode = FALSE
	EndGlobalSection
	GlobalSection(NestedProjects) = preSolution
		{F787B016-31ED-4E2D-87E6-FC0B1915A2AC} = {5310A871-B8F0-0791-A052-C8A19D59FF82}
		{729B03C7-1C3E-5EDD-EDB4-38F58E22BDF1} = {CA253913-39DE-BFD0-C9A3-4B7EC6FBDF17}
		{A72C8C04-FDB4-442C-A897-99C5A382FCE1} = {729B03C7-1C3E-5EDD-EDB4-38F58E22BDF1}
		{F1F995B2-84A4-45BE-B108-37C24C2B0793} = {729B03C7-1C3E-5EDD-EDB4-38F58E22BDF1}
		{1FB4F46F-45BA-4A7C-B4BC-45D5EA495A43} = {729B03C7-1C3E-5EDD-EDB4-38F58E22BDF1}
		{543AC39A-DD05-4AEF-8CB9-82FCCEBFA443} = {729B03C7-1C3E-5EDD-EDB4-38F58E22BDF1}
		{5BB9D142-6EBF-484C-824D-CB06FADF2720} = {729B03C7-1C3E-5EDD-EDB4-38F58E22BDF1}
		{0B961207-1292-4CFC-B961-980043290234} = {729B03C7-1C3E-5EDD-EDB4-38F58E22BDF1}
		{3333CD61-D66C-0171-0725-9839E1F728CE} = {CA253913-39DE-BFD0-C9A3-4B7EC6FBDF17}
		{362EE267-EC08-49BD-8704-E50AE837E0E0} = {3333CD61-D66C-0171-0725-9839E1F728CE}
		{7A6DDD51-66BC-447C-9AAE-7D51FCC3CAEA} = {3333CD61-D66C-0171-0725-9839E1F728CE}
		{F91F7AD7-2C0F-4E46-BC10-6E66AC46A1DF} = {4F52FD11-658E-A102-6CD3-7D7C16FFA15B}
	EndGlobalSection
EndGlobal
